
Microsoft Visual Studio Solution File, Format Version 12.00
# Visual Studio Version 17
VisualStudioVersion = 17.7.34302.85
MinimumVisualStudioVersion = 10.0.40219.1
Project("{FAE04EC0-301F-11D3-BF4B-00C04F79EFBC}") = "Oppgave321A", "Oppgave321A\Oppgave321A.csproj", "{EB0CA019-D464-4D77-86D8-598CECABA88E}"
EndProject
Global
	GlobalSection(SolutionConfigurationPlatforms) = preSolution
		Debug|Any CPU = Debug|Any CPU
		Release|Any CPU = Release|Any CPU
	EndGlobalSection
	GlobalSection(ProjectConfigurationPlatforms) = postSolution
		{EB0CA019-D464-4D77-86D8-598CECABA88E}.Debug|Any CPU.ActiveCfg = Debug|Any CPU
		{EB0CA019-D464-4D77-86D8-598CECABA88E}.Debug|Any CPU.Build.0 = Debug|Any CPU
		{EB0CA019-D464-4D77-86D8-598CECABA88E}.Release|Any CPU.ActiveCfg = Release|Any CPU
		{EB0CA019-D464-4D77-86D8-598CECABA88E}.Release|Any CPU.Build.0 = Release|Any CPU
	EndGlobalSection
	GlobalSection(SolutionProperties) = preSolution
		HideSolutionNode = FALSE
	EndGlobalSection
	GlobalSection(ExtensibilityGlobals) = postSolution
		SolutionGuid = {A4E350C0-7822-457C-8686-9DDB4EA05563}
	EndGlobalSection
EndGlobal
